
Microsoft Visual Studio Solution File, Format Version 12.00
# Visual Studio Version 16
VisualStudioVersion = 16.0.29911.84
MinimumVisualStudioVersion = 10.0.40219.1
Project("{FAE04EC0-301F-11D3-BF4B-00C04F79EFBC}") = "WebPages", "WebPages.csproj", "{42E8A6A0-FE20-4FE5-B603-34D9438E221B}"
EndProject
Global
	GlobalSection(SolutionConfigurationPlatforms) = preSolution
		Debug|Any CPU = Debug|Any CPU
		Release|Any CPU = Release|Any CPU
	EndGlobalSection
	GlobalSection(ProjectConfigurationPlatforms) = postSolution
		{42E8A6A0-FE20-4FE5-B603-34D9438E221B}.Debug|Any CPU.ActiveCfg = Debug|Any CPU
		{42E8A6A0-FE20-4FE5-B603-34D9438E221B}.Debug|Any CPU.Build.0 = Debug|Any CPU
		{42E8A6A0-FE20-4FE5-B603-34D9438E221B}.Release|Any CPU.ActiveCfg = Release|Any CPU
		{42E8A6A0-FE20-4FE5-B603-34D9438E221B}.Release|Any CPU.Build.0 = Release|Any CPU
	EndGlobalSection
	GlobalSection(SolutionProperties) = preSolution
		HideSolutionNode = FALSE
	EndGlobalSection
	GlobalSection(ExtensibilityGlobals) = postSolution
		SolutionGuid = {C72E1CC1-7511-4011-BBCC-AA3163078986}
	EndGlobalSection
EndGlobal
